
Microsoft Visual Studio Solution File, Format Version 12.00
# Visual Studio 15
VisualStudioVersion = 15.0.28307.102
MinimumVisualStudioVersion = 10.0.40219.1
Project("{FAE04EC0-301F-11D3-BF4B-00C04F79EFBC}") = "20181116_ZAD1_Obsluga_wyjatkow", "20181116_ZAD1_Obsluga_wyjatkow\20181116_ZAD1_Obsluga_wyjatkow.csproj", "{D71ACB9E-BE07-404B-B384-622253729FB8}"
EndProject
Global
	GlobalSection(SolutionConfigurationPlatforms) = preSolution
		Debug|Any CPU = Debug|Any CPU
		Release|Any CPU = Release|Any CPU
	EndGlobalSection
	GlobalSection(ProjectConfigurationPlatforms) = postSolution
		{D71ACB9E-BE07-404B-B384-622253729FB8}.Debug|Any CPU.ActiveCfg = Debug|Any CPU
		{D71ACB9E-BE07-404B-B384-622253729FB8}.Debug|Any CPU.Build.0 = Debug|Any CPU
		{D71ACB9E-BE07-404B-B384-622253729FB8}.Release|Any CPU.ActiveCfg = Release|Any CPU
		{D71ACB9E-BE07-404B-B384-622253729FB8}.Release|Any CPU.Build.0 = Release|Any CPU
	EndGlobalSection
	GlobalSection(SolutionProperties) = preSolution
		HideSolutionNode = FALSE
	EndGlobalSection
	GlobalSection(ExtensibilityGlobals) = postSolution
		SolutionGuid = {2325F2B1-76F9-4C43-810A-637A8D912B96}
	EndGlobalSection
EndGlobal
